
Microsoft Visual Studio Solution File, Format Version 12.00
# Visual Studio Version 17
VisualStudioVersion = 17.5.33530.505
MinimumVisualStudioVersion = 10.0.40219.1
Project("{FAE04EC0-301F-11D3-BF4B-00C04F79EFBC}") = "Exercise_1", "Exercise_1.csproj", "{2099AE7A-1F54-4F7B-854C-D7FFF5DF6B53}"
EndProject
Global
	GlobalSection(SolutionConfigurationPlatforms) = preSolution
		Debug|Any CPU = Debug|Any CPU
		Release|Any CPU = Release|Any CPU
	EndGlobalSection
	GlobalSection(ProjectConfigurationPlatforms) = postSolution
		{2099AE7A-1F54-4F7B-854C-D7FFF5DF6B53}.Debug|Any CPU.ActiveCfg = Debug|Any CPU
		{2099AE7A-1F54-4F7B-854C-D7FFF5DF6B53}.Debug|Any CPU.Build.0 = Debug|Any CPU
		{2099AE7A-1F54-4F7B-854C-D7FFF5DF6B53}.Release|Any CPU.ActiveCfg = Release|Any CPU
		{2099AE7A-1F54-4F7B-854C-D7FFF5DF6B53}.Release|Any CPU.Build.0 = Release|Any CPU
	EndGlobalSection
	GlobalSection(SolutionProperties) = preSolution
		HideSolutionNode = FALSE
	EndGlobalSection
	GlobalSection(ExtensibilityGlobals) = postSolution
		SolutionGuid = {3451863D-BEFC-4AA8-9DEC-50D86C0FAA64}
	EndGlobalSection
EndGlobal
