
Microsoft Visual Studio Solution File, Format Version 12.00
# Visual Studio Version 17
VisualStudioVersion = 17.5.33530.505
MinimumVisualStudioVersion = 10.0.40219.1
Project("{FAE04EC0-301F-11D3-BF4B-00C04F79EFBC}") = "ClassCalciX", "ClassCalciX.csproj", "{D681E134-2204-4A88-B255-515EE7B91047}"
EndProject
Project("{FAE04EC0-301F-11D3-BF4B-00C04F79EFBC}") = "Classtest1", "..\Classtest1\Classtest1.csproj", "{6D838194-537D-4664-8119-997AFE6268C3}"
EndProject
Global
	GlobalSection(SolutionConfigurationPlatforms) = preSolution
		Debug|Any CPU = Debug|Any CPU
		Release|Any CPU = Release|Any CPU
	EndGlobalSection
	GlobalSection(ProjectConfigurationPlatforms) = postSolution
		{D681E134-2204-4A88-B255-515EE7B91047}.Debug|Any CPU.ActiveCfg = Debug|Any CPU
		{D681E134-2204-4A88-B255-515EE7B91047}.Debug|Any CPU.Build.0 = Debug|Any CPU
		{D681E134-2204-4A88-B255-515EE7B91047}.Release|Any CPU.ActiveCfg = Release|Any CPU
		{D681E134-2204-4A88-B255-515EE7B91047}.Release|Any CPU.Build.0 = Release|Any CPU
		{6D838194-537D-4664-8119-997AFE6268C3}.Debug|Any CPU.ActiveCfg = Debug|Any CPU
		{6D838194-537D-4664-8119-997AFE6268C3}.Debug|Any CPU.Build.0 = Debug|Any CPU
		{6D838194-537D-4664-8119-997AFE6268C3}.Release|Any CPU.ActiveCfg = Release|Any CPU
		{6D838194-537D-4664-8119-997AFE6268C3}.Release|Any CPU.Build.0 = Release|Any CPU
	EndGlobalSection
	GlobalSection(SolutionProperties) = preSolution
		HideSolutionNode = FALSE
	EndGlobalSection
	GlobalSection(ExtensibilityGlobals) = postSolution
		SolutionGuid = {92645EFA-8E8E-4C07-B149-F70B6835A006}
	EndGlobalSection
EndGlobal
