
Microsoft Visual Studio Solution File, Format Version 12.00
# Visual Studio Version 17
VisualStudioVersion = 17.5.33530.505
MinimumVisualStudioVersion = 10.0.40219.1
Project("{FAE04EC0-301F-11D3-BF4B-00C04F79EFBC}") = "demoapp", "demoapp.csproj", "{DEEB976D-877D-4948-B2B3-92CA8528EA8D}"
EndProject
Global
	GlobalSection(SolutionConfigurationPlatforms) = preSolution
		Debug|Any CPU = Debug|Any CPU
		Release|Any CPU = Release|Any CPU
	EndGlobalSection
	GlobalSection(ProjectConfigurationPlatforms) = postSolution
		{DEEB976D-877D-4948-B2B3-92CA8528EA8D}.Debug|Any CPU.ActiveCfg = Debug|Any CPU
		{DEEB976D-877D-4948-B2B3-92CA8528EA8D}.Debug|Any CPU.Build.0 = Debug|Any CPU
		{DEEB976D-877D-4948-B2B3-92CA8528EA8D}.Release|Any CPU.ActiveCfg = Release|Any CPU
		{DEEB976D-877D-4948-B2B3-92CA8528EA8D}.Release|Any CPU.Build.0 = Release|Any CPU
	EndGlobalSection
	GlobalSection(SolutionProperties) = preSolution
		HideSolutionNode = FALSE
	EndGlobalSection
	GlobalSection(ExtensibilityGlobals) = postSolution
		SolutionGuid = {379FD632-FD18-41CA-A906-4F9B0A9635AF}
	EndGlobalSection
EndGlobal
