
Microsoft Visual Studio Solution File, Format Version 12.00
# Visual Studio Version 17
VisualStudioVersion = 17.5.33530.505
MinimumVisualStudioVersion = 10.0.40219.1
Project("{FAE04EC0-301F-11D3-BF4B-00C04F79EFBC}") = "myapp", "myapp.csproj", "{EA96D551-B5D6-4846-B285-F2A0D01FE844}"
EndProject
Project("{FAE04EC0-301F-11D3-BF4B-00C04F79EFBC}") = "Caluclator", "..\Caluclator\Caluclator.csproj", "{DD74D352-A411-4845-A034-3A2C3DCB5191}"
EndProject
Global
	GlobalSection(SolutionConfigurationPlatforms) = preSolution
		Debug|Any CPU = Debug|Any CPU
		Release|Any CPU = Release|Any CPU
	EndGlobalSection
	GlobalSection(ProjectConfigurationPlatforms) = postSolution
		{EA96D551-B5D6-4846-B285-F2A0D01FE844}.Debug|Any CPU.ActiveCfg = Debug|Any CPU
		{EA96D551-B5D6-4846-B285-F2A0D01FE844}.Debug|Any CPU.Build.0 = Debug|Any CPU
		{EA96D551-B5D6-4846-B285-F2A0D01FE844}.Release|Any CPU.ActiveCfg = Release|Any CPU
		{EA96D551-B5D6-4846-B285-F2A0D01FE844}.Release|Any CPU.Build.0 = Release|Any CPU
		{DD74D352-A411-4845-A034-3A2C3DCB5191}.Debug|Any CPU.ActiveCfg = Debug|Any CPU
		{DD74D352-A411-4845-A034-3A2C3DCB5191}.Debug|Any CPU.Build.0 = Debug|Any CPU
		{DD74D352-A411-4845-A034-3A2C3DCB5191}.Release|Any CPU.ActiveCfg = Release|Any CPU
		{DD74D352-A411-4845-A034-3A2C3DCB5191}.Release|Any CPU.Build.0 = Release|Any CPU
	EndGlobalSection
	GlobalSection(SolutionProperties) = preSolution
		HideSolutionNode = FALSE
	EndGlobalSection
	GlobalSection(ExtensibilityGlobals) = postSolution
		SolutionGuid = {3D84F322-A47B-4593-8DE1-10720A1EFC2A}
	EndGlobalSection
EndGlobal
